{
  "originHash" : "6a4c53b38073b0deca18de5a8f1f9dbe4b8c5acf91758353a41f6edd977026a8",
  "pins" : [
    {
      "identity" : "capacitor-swift-pm",
      "kind" : "remoteSourceControl",
      "location" : "https://github.com/ionic-team/capacitor-swift-pm.git",
      "state" : {
        "revision" : "4c7f346d16196e21fbe23d4a7a6fc7af62af6742",
        "version" : "8.5.3"
      }
    },
    {
      "identity" : "crisp-sdk-ios",
      "kind" : "remoteSourceControl",
      "location" : "https://github.com/crisp-im/crisp-sdk-ios.git",
      "state" : {
        "revision" : "69d4bace9d04fc83f76d779db97515015092ed33",
        "version" : "3.0.1"
      }
    },
    {
      "identity" : "crisp-utils-ios",
      "kind" : "remoteSourceControl",
      "location" : "https://github.com/crisp-im/crisp-utils-ios.git",
      "state" : {
        "revision" : "55458c3bddc00b4d6dccf87ff933afb8d36b7a25",
        "version" : "1.0.1"
      }
    }
  ],
  "version" : 3
}
